{
  "name": "@iamrraj/markdown-notebook",
  "version": "1.0.0",
  "lockfileVersion": 3,
  "requires": true,
  "packages": {
    "": {
      "name": "@iamrraj/markdown-notebook",
      "version": "1.0.0",
      "license": "MIT",
      "dependencies": {
        "@iamrraj/markdown-notebook": "^1.0.0"
      },
      "bin": {
        "markdown-notebook": "bin/markdown-task-notebook.js"
      }
    },
    "node_modules/@iamrraj/markdown-notebook": {
      "version": "1.0.0",
      "resolved": "https://registry.npmjs.org/@iamrraj/markdown-notebook/-/markdown-notebook-1.0.0.tgz",
      "integrity": "sha512-cX+TchcAPFzDt0ycSPDs7KXh2xGrA1seizt9+1oAm46C2E27pC+ZLoG6jgRQh2EneBC4YdMOVjr9BI6bVVTN/A==",
      "license": "MIT",
      "bin": {
        "markdown-notebook": "bin/markdown-task-notebook.js"
      }
    }
  }
}
